// !$*UTF8*$!
{
	archiveVersion = 1;
	classes = {
	};
	objectVersion = 52;
	objects = {

/* Begin PBXAggregateTarget section */
		"GoogleTakeoutDecoder::GoogleTakeoutDecoderPackageTests::ProductTarget" /* GoogleTakeoutDecoderPackageTests */ = {
			isa = PBXAggregateTarget;
			buildConfigurationList = OBJ_35 /* Build configuration list for PBXAggregateTarget "GoogleTakeoutDecoderPackageTests" */;
			buildPhases = (
			);
			dependencies = (
				OBJ_38 /* PBXTargetDependency */,
			);
			name = GoogleTakeoutDecoderPackageTests;
			productName = GoogleTakeoutDecoderPackageTests;
		};
/* End PBXAggregateTarget section */

/* Begin PBXBuildFile section */
		2B248C5A2609E9FA009756EF /* FileLoader.swift in Sources */ = {isa = PBXBuildFile; fileRef = 2B248C592609E9FA009756EF /* FileLoader.swift */; };
		2B248C852609EECF009756EF /* feed.atom in Resources */ = {isa = PBXBuildFile; fileRef = 2B248C562609E8EB009756EF /* feed.atom */; };
		2B248C8A2609EED2009756EF /* test.zip in Resources */ = {isa = PBXBuildFile; fileRef = 2B248C572609E9C0009756EF /* test.zip */; };
		OBJ_25 /* DataSource.swift in Sources */ = {isa = PBXBuildFile; fileRef = OBJ_9 /* DataSource.swift */; };
		OBJ_26 /* ArchiveFileExtractor.swift in Sources */ = {isa = PBXBuildFile; fileRef = OBJ_10 /* ArchiveFileExtractor.swift */; };
		OBJ_33 /* Package.swift in Sources */ = {isa = PBXBuildFile; fileRef = OBJ_6 /* Package.swift */; };
		OBJ_44 /* GoogleTakeoutDecoderTests.swift in Sources */ = {isa = PBXBuildFile; fileRef = OBJ_13 /* GoogleTakeoutDecoderTests.swift */; };
		OBJ_45 /* XCTestManifests.swift in Sources */ = {isa = PBXBuildFile; fileRef = OBJ_14 /* XCTestManifests.swift */; };
		OBJ_47 /* GoogleTakeoutDecoder.framework in Frameworks */ = {isa = PBXBuildFile; fileRef = "GoogleTakeoutDecoder::GoogleTakeoutDecoder::Product" /* GoogleTakeoutDecoder.framework */; };
/* End PBXBuildFile section */

/* Begin PBXContainerItemProxy section */
		2B248C4F2609D85D009756EF /* PBXContainerItemProxy */ = {
			isa = PBXContainerItemProxy;
			containerPortal = OBJ_1 /* Project object */;
			proxyType = 1;
			remoteGlobalIDString = "GoogleTakeoutDecoder::GoogleTakeoutDecoder";
			remoteInfo = GoogleTakeoutDecoder;
		};
		2B248C522609D85F009756EF /* PBXContainerItemProxy */ = {
			isa = PBXContainerItemProxy;
			containerPortal = OBJ_1 /* Project object */;
			proxyType = 1;
			remoteGlobalIDString = "GoogleTakeoutDecoder::GoogleTakeoutDecoderTests";
			remoteInfo = GoogleTakeoutDecoderTests;
		};
/* End PBXContainerItemProxy section */

/* Begin PBXFileReference section */
		2B248C562609E8EB009756EF /* feed.atom */ = {isa = PBXFileReference; lastKnownFileType = text.xml; path = feed.atom; sourceTree = "<group>"; };
		2B248C572609E9C0009756EF /* test.zip */ = {isa = PBXFileReference; lastKnownFileType = archive.zip; path = test.zip; sourceTree = "<group>"; };
		2B248C592609E9FA009756EF /* FileLoader.swift */ = {isa = PBXFileReference; fileEncoding = 4; lastKnownFileType = sourcecode.swift; path = FileLoader.swift; sourceTree = "<group>"; };
		"GoogleTakeoutDecoder::GoogleTakeoutDecoder::Product" /* GoogleTakeoutDecoder.framework */ = {isa = PBXFileReference; lastKnownFileType = wrapper.framework; path = GoogleTakeoutDecoder.framework; sourceTree = BUILT_PRODUCTS_DIR; };
		"GoogleTakeoutDecoder::GoogleTakeoutDecoderTests::Product" /* GoogleTakeoutDecoderTests.xctest */ = {isa = PBXFileReference; lastKnownFileType = file; path = GoogleTakeoutDecoderTests.xctest; sourceTree = BUILT_PRODUCTS_DIR; };
		OBJ_10 /* ArchiveFileExtractor.swift */ = {isa = PBXFileReference; lastKnownFileType = sourcecode.swift; path = ArchiveFileExtractor.swift; sourceTree = "<group>"; };
		OBJ_13 /* GoogleTakeoutDecoderTests.swift */ = {isa = PBXFileReference; lastKnownFileType = sourcecode.swift; path = GoogleTakeoutDecoderTests.swift; sourceTree = "<group>"; };
		OBJ_14 /* XCTestManifests.swift */ = {isa = PBXFileReference; lastKnownFileType = sourcecode.swift; path = XCTestManifests.swift; sourceTree = "<group>"; };
		OBJ_19 /* README.md */ = {isa = PBXFileReference; lastKnownFileType = net.daringfireball.markdown; path = README.md; sourceTree = "<group>"; };
		OBJ_6 /* Package.swift */ = {isa = PBXFileReference; explicitFileType = sourcecode.swift; path = Package.swift; sourceTree = "<group>"; };
		OBJ_9 /* DataSource.swift */ = {isa = PBXFileReference; lastKnownFileType = sourcecode.swift; path = DataSource.swift; sourceTree = "<group>"; };
/* End PBXFileReference section */

/* Begin PBXFrameworksBuildPhase section */
		OBJ_27 /* Frameworks */ = {
			isa = PBXFrameworksBuildPhase;
			buildActionMask = 0;
			files = (
			);
			runOnlyForDeploymentPostprocessing = 0;
		};
		OBJ_46 /* Frameworks */ = {
			isa = PBXFrameworksBuildPhase;
			buildActionMask = 0;
			files = (
				OBJ_47 /* GoogleTakeoutDecoder.framework in Frameworks */,
			);
			runOnlyForDeploymentPostprocessing = 0;
		};
/* End PBXFrameworksBuildPhase section */

/* Begin PBXGroup section */
		2B248C552609E33A009756EF /* Data */ = {
			isa = PBXGroup;
			children = (
				2B248C572609E9C0009756EF /* test.zip */,
				2B248C562609E8EB009756EF /* feed.atom */,
			);
			path = Data;
			sourceTree = "<group>";
		};
		2B248C632609E9FD009756EF /* Helpers */ = {
			isa = PBXGroup;
			children = (
				2B248C592609E9FA009756EF /* FileLoader.swift */,
			);
			path = Helpers;
			sourceTree = "<group>";
		};
		OBJ_11 /* Tests */ = {
			isa = PBXGroup;
			children = (
				OBJ_12 /* GoogleTakeoutDecoderTests */,
			);
			name = Tests;
			sourceTree = SOURCE_ROOT;
		};
		OBJ_12 /* GoogleTakeoutDecoderTests */ = {
			isa = PBXGroup;
			children = (
				OBJ_13 /* GoogleTakeoutDecoderTests.swift */,
				OBJ_14 /* XCTestManifests.swift */,
				2B248C552609E33A009756EF /* Data */,
				2B248C632609E9FD009756EF /* Helpers */,
			);
			name = GoogleTakeoutDecoderTests;
			path = Tests/GoogleTakeoutDecoderTests;
			sourceTree = SOURCE_ROOT;
		};
		OBJ_15 /* Dependencies */ = {
			isa = PBXGroup;
			children = (
			);
			name = Dependencies;
			sourceTree = "<group>";
		};
		OBJ_16 /* Products */ = {
			isa = PBXGroup;
			children = (
				"GoogleTakeoutDecoder::GoogleTakeoutDecoder::Product" /* GoogleTakeoutDecoder.framework */,
				"GoogleTakeoutDecoder::GoogleTakeoutDecoderTests::Product" /* GoogleTakeoutDecoderTests.xctest */,
			);
			name = Products;
			sourceTree = BUILT_PRODUCTS_DIR;
		};
		OBJ_5 = {
			isa = PBXGroup;
			children = (
				OBJ_6 /* Package.swift */,
				OBJ_7 /* Sources */,
				OBJ_11 /* Tests */,
				OBJ_15 /* Dependencies */,
				OBJ_16 /* Products */,
				OBJ_19 /* README.md */,
			);
			sourceTree = "<group>";
		};
		OBJ_7 /* Sources */ = {
			isa = PBXGroup;
			children = (
				OBJ_8 /* GoogleTakeoutDecoder */,
			);
			name = Sources;
			sourceTree = SOURCE_ROOT;
		};
		OBJ_8 /* GoogleTakeoutDecoder */ = {
			isa = PBXGroup;
			children = (
				OBJ_10 /* ArchiveFileExtractor.swift */,
				OBJ_9 /* DataSource.swift */,
			);
			name = GoogleTakeoutDecoder;
			path = Sources/GoogleTakeoutDecoder;
			sourceTree = SOURCE_ROOT;
		};
/* End PBXGroup section */

/* Begin PBXNativeTarget section */
		"GoogleTakeoutDecoder::GoogleTakeoutDecoder" /* GoogleTakeoutDecoder */ = {
			isa = PBXNativeTarget;
			buildConfigurationList = OBJ_21 /* Build configuration list for PBXNativeTarget "GoogleTakeoutDecoder" */;
			buildPhases = (
				OBJ_24 /* Sources */,
				OBJ_27 /* Frameworks */,
			);
			buildRules = (
			);
			dependencies = (
			);
			name = GoogleTakeoutDecoder;
			productName = GoogleTakeoutDecoder;
			productReference = "GoogleTakeoutDecoder::GoogleTakeoutDecoder::Product" /* GoogleTakeoutDecoder.framework */;
			productType = "com.apple.product-type.framework";
		};
		"GoogleTakeoutDecoder::GoogleTakeoutDecoderTests" /* GoogleTakeoutDecoderTests */ = {
			isa = PBXNativeTarget;
			buildConfigurationList = OBJ_40 /* Build configuration list for PBXNativeTarget "GoogleTakeoutDecoderTests" */;
			buildPhases = (
				OBJ_43 /* Sources */,
				OBJ_46 /* Frameworks */,
				2B248C772609EEC9009756EF /* Resources */,
			);
			buildRules = (
			);
			dependencies = (
				OBJ_48 /* PBXTargetDependency */,
			);
			name = GoogleTakeoutDecoderTests;
			productName = GoogleTakeoutDecoderTests;
			productReference = "GoogleTakeoutDecoder::GoogleTakeoutDecoderTests::Product" /* GoogleTakeoutDecoderTests.xctest */;
			productType = "com.apple.product-type.bundle.unit-test";
		};
		"GoogleTakeoutDecoder::SwiftPMPackageDescription" /* GoogleTakeoutDecoderPackageDescription */ = {
			isa = PBXNativeTarget;
			buildConfigurationList = OBJ_29 /* Build configuration list for PBXNativeTarget "GoogleTakeoutDecoderPackageDescription" */;
			buildPhases = (
				OBJ_32 /* Sources */,
			);
			buildRules = (
			);
			dependencies = (
			);
			name = GoogleTakeoutDecoderPackageDescription;
			productName = GoogleTakeoutDecoderPackageDescription;
			productType = "com.apple.product-type.framework";
		};
/* End PBXNativeTarget section */

/* Begin PBXProject section */
		OBJ_1 /* Project object */ = {
			isa = PBXProject;
			attributes = {
				LastSwiftMigration = 9999;
				LastUpgradeCheck = 9999;
			};
			buildConfigurationList = OBJ_2 /* Build configuration list for PBXProject "GoogleTakeoutDecoder" */;
			compatibilityVersion = "Xcode 11.0";
			developmentRegion = en;
			hasScannedForEncodings = 0;
			knownRegions = (
				en,
			);
			mainGroup = OBJ_5;
			productRefGroup = OBJ_16 /* Products */;
			projectDirPath = "";
			projectRoot = "";
			targets = (
				"GoogleTakeoutDecoder::GoogleTakeoutDecoder" /* GoogleTakeoutDecoder */,
				"GoogleTakeoutDecoder::SwiftPMPackageDescription" /* GoogleTakeoutDecoderPackageDescription */,
				"GoogleTakeoutDecoder::GoogleTakeoutDecoderPackageTests::ProductTarget" /* GoogleTakeoutDecoderPackageTests */,
				"GoogleTakeoutDecoder::GoogleTakeoutDecoderTests" /* GoogleTakeoutDecoderTests */,
			);
		};
/* End PBXProject section */

/* Begin PBXResourcesBuildPhase section */
		2B248C772609EEC9009756EF /* Resources */ = {
			isa = PBXResourcesBuildPhase;
			buildActionMask = 2147483647;
			files = (
				2B248C852609EECF009756EF /* feed.atom in Resources */,
				2B248C8A2609EED2009756EF /* test.zip in Resources */,
			);
			runOnlyForDeploymentPostprocessing = 0;
		};
/* End PBXResourcesBuildPhase section */

/* Begin PBXSourcesBuildPhase section */
		OBJ_24 /* Sources */ = {
			isa = PBXSourcesBuildPhase;
			buildActionMask = 0;
			files = (
				OBJ_25 /* DataSource.swift in Sources */,
				OBJ_26 /* ArchiveFileExtractor.swift in Sources */,
			);
			runOnlyForDeploymentPostprocessing = 0;
		};
		OBJ_32 /* Sources */ = {
			isa = PBXSourcesBuildPhase;
			buildActionMask = 0;
			files = (
				OBJ_33 /* Package.swift in Sources */,
			);
			runOnlyForDeploymentPostprocessing = 0;
		};
		OBJ_43 /* Sources */ = {
			isa = PBXSourcesBuildPhase;
			buildActionMask = 0;
			files = (
				2B248C5A2609E9FA009756EF /* FileLoader.swift in Sources */,
				OBJ_44 /* GoogleTakeoutDecoderTests.swift in Sources */,
				OBJ_45 /* XCTestManifests.swift in Sources */,
			);
			runOnlyForDeploymentPostprocessing = 0;
		};
/* End PBXSourcesBuildPhase section */

/* Begin PBXTargetDependency section */
		OBJ_38 /* PBXTargetDependency */ = {
			isa = PBXTargetDependency;
			target = "GoogleTakeoutDecoder::GoogleTakeoutDecoderTests" /* GoogleTakeoutDecoderTests */;
			targetProxy = 2B248C522609D85F009756EF /* PBXContainerItemProxy */;
		};
		OBJ_48 /* PBXTargetDependency */ = {
			isa = PBXTargetDependency;
			target = "GoogleTakeoutDecoder::GoogleTakeoutDecoder" /* GoogleTakeoutDecoder */;
			targetProxy = 2B248C4F2609D85D009756EF /* PBXContainerItemProxy */;
		};
/* End PBXTargetDependency section */

/* Begin XCBuildConfiguration section */
		OBJ_22 /* Debug */ = {
			isa = XCBuildConfiguration;
			buildSettings = {
				ENABLE_TESTABILITY = YES;
				FRAMEWORK_SEARCH_PATHS = (
					"$(inherited)",
					"$(PLATFORM_DIR)/Developer/Library/Frameworks",
				);
				HEADER_SEARCH_PATHS = "$(inherited)";
				INFOPLIST_FILE = GoogleTakeoutDecoder.xcodeproj/GoogleTakeoutDecoder_Info.plist;
				IPHONEOS_DEPLOYMENT_TARGET = 14.0;
				LD_RUNPATH_SEARCH_PATHS = (
					"$(inherited)",
					"$(TOOLCHAIN_DIR)/usr/lib/swift/macosx",
				);
				MACOSX_DEPLOYMENT_TARGET = 11.0;
				OTHER_CFLAGS = "$(inherited)";
				OTHER_LDFLAGS = "$(inherited)";
				OTHER_SWIFT_FLAGS = "$(inherited)";
				PRODUCT_BUNDLE_IDENTIFIER = GoogleTakeoutDecoder;
				PRODUCT_MODULE_NAME = "$(TARGET_NAME:c99extidentifier)";
				PRODUCT_NAME = "$(TARGET_NAME:c99extidentifier)";
				SKIP_INSTALL = YES;
				SWIFT_ACTIVE_COMPILATION_CONDITIONS = "$(inherited)";
				SWIFT_VERSION = 5.0;
				TARGET_NAME = GoogleTakeoutDecoder;
				TVOS_DEPLOYMENT_TARGET = 14.0;
				WATCHOS_DEPLOYMENT_TARGET = 7.0;
			};
			name = Debug;
		};
		OBJ_23 /* Release */ = {
			isa = XCBuildConfiguration;
			buildSettings = {
				ENABLE_TESTABILITY = YES;
				FRAMEWORK_SEARCH_PATHS = (
					"$(inherited)",
					"$(PLATFORM_DIR)/Developer/Library/Frameworks",
				);
				HEADER_SEARCH_PATHS = "$(inherited)";
				INFOPLIST_FILE = GoogleTakeoutDecoder.xcodeproj/GoogleTakeoutDecoder_Info.plist;
				IPHONEOS_DEPLOYMENT_TARGET = 14.0;
				LD_RUNPATH_SEARCH_PATHS = (
					"$(inherited)",
					"$(TOOLCHAIN_DIR)/usr/lib/swift/macosx",
				);
				MACOSX_DEPLOYMENT_TARGET = 11.0;
				OTHER_CFLAGS = "$(inherited)";
				OTHER_LDFLAGS = "$(inherited)";
				OTHER_SWIFT_FLAGS = "$(inherited)";
				PRODUCT_BUNDLE_IDENTIFIER = GoogleTakeoutDecoder;
				PRODUCT_MODULE_NAME = "$(TARGET_NAME:c99extidentifier)";
				PRODUCT_NAME = "$(TARGET_NAME:c99extidentifier)";
				SKIP_INSTALL = YES;
				SWIFT_ACTIVE_COMPILATION_CONDITIONS = "$(inherited)";
				SWIFT_VERSION = 5.0;
				TARGET_NAME = GoogleTakeoutDecoder;
				TVOS_DEPLOYMENT_TARGET = 14.0;
				WATCHOS_DEPLOYMENT_TARGET = 7.0;
			};
			name = Release;
		};
		OBJ_3 /* Debug */ = {
			isa = XCBuildConfiguration;
			buildSettings = {
				CLANG_ENABLE_OBJC_ARC = YES;
				COMBINE_HIDPI_IMAGES = YES;
				COPY_PHASE_STRIP = NO;
				DEBUG_INFORMATION_FORMAT = dwarf;
				DYLIB_INSTALL_NAME_BASE = "@rpath";
				ENABLE_NS_ASSERTIONS = YES;
				GCC_OPTIMIZATION_LEVEL = 0;
				GCC_PREPROCESSOR_DEFINITIONS = (
					"$(inherited)",
					"SWIFT_PACKAGE=1",
					"DEBUG=1",
				);
				MACOSX_DEPLOYMENT_TARGET = 11.0;
				ONLY_ACTIVE_ARCH = YES;
				OTHER_SWIFT_FLAGS = "$(inherited) -DXcode";
				PRODUCT_NAME = "$(TARGET_NAME)";
				SDKROOT = iphoneos;
				SUPPORTED_PLATFORMS = "macosx iphoneos iphonesimulator appletvos appletvsimulator watchos watchsimulator";
				SWIFT_ACTIVE_COMPILATION_CONDITIONS = "$(inherited) SWIFT_PACKAGE DEBUG";
				SWIFT_OPTIMIZATION_LEVEL = "-Onone";
				USE_HEADERMAP = NO;
			};
			name = Debug;
		};
		OBJ_30 /* Debug */ = {
			isa = XCBuildConfiguration;
			buildSettings = {
				LD = /usr/bin/true;
				OTHER_SWIFT_FLAGS = "-swift-version 5 -I $(TOOLCHAIN_DIR)/usr/lib/swift/pm/4_2 -sdk /Applications/Xcode.app/Contents/Developer/Platforms/MacOSX.platform/Developer/SDKs/MacOSX11.1.sdk -package-description-version 5.3.0";
				SWIFT_VERSION = 5.0;
			};
			name = Debug;
		};
		OBJ_31 /* Release */ = {
			isa = XCBuildConfiguration;
			buildSettings = {
				LD = /usr/bin/true;
				OTHER_SWIFT_FLAGS = "-swift-version 5 -I $(TOOLCHAIN_DIR)/usr/lib/swift/pm/4_2 -sdk /Applications/Xcode.app/Contents/Developer/Platforms/MacOSX.platform/Developer/SDKs/MacOSX11.1.sdk -package-description-version 5.3.0";
				SWIFT_VERSION = 5.0;
			};
			name = Release;
		};
		OBJ_36 /* Debug */ = {
			isa = XCBuildConfiguration;
			buildSettings = {
			};
			name = Debug;
		};
		OBJ_37 /* Release */ = {
			isa = XCBuildConfiguration;
			buildSettings = {
			};
			name = Release;
		};
		OBJ_4 /* Release */ = {
			isa = XCBuildConfiguration;
			buildSettings = {
				CLANG_ENABLE_OBJC_ARC = YES;
				COMBINE_HIDPI_IMAGES = YES;
				COPY_PHASE_STRIP = YES;
				DEBUG_INFORMATION_FORMAT = "dwarf-with-dsym";
				DYLIB_INSTALL_NAME_BASE = "@rpath";
				GCC_OPTIMIZATION_LEVEL = s;
				GCC_PREPROCESSOR_DEFINITIONS = (
					"$(inherited)",
					"SWIFT_PACKAGE=1",
				);
				MACOSX_DEPLOYMENT_TARGET = 11.0;
				OTHER_SWIFT_FLAGS = "$(inherited) -DXcode";
				PRODUCT_NAME = "$(TARGET_NAME)";
				SDKROOT = iphoneos;
				SUPPORTED_PLATFORMS = "macosx iphoneos iphonesimulator appletvos appletvsimulator watchos watchsimulator";
				SWIFT_ACTIVE_COMPILATION_CONDITIONS = "$(inherited) SWIFT_PACKAGE";
				SWIFT_COMPILATION_MODE = wholemodule;
				SWIFT_OPTIMIZATION_LEVEL = "-O";
				USE_HEADERMAP = NO;
			};
			name = Release;
		};
		OBJ_41 /* Debug */ = {
			isa = XCBuildConfiguration;
			buildSettings = {
				CLANG_ENABLE_MODULES = YES;
				EMBEDDED_CONTENT_CONTAINS_SWIFT = YES;
				FRAMEWORK_SEARCH_PATHS = (
					"$(inherited)",
					"$(PLATFORM_DIR)/Developer/Library/Frameworks",
				);
				HEADER_SEARCH_PATHS = "$(inherited)";
				INFOPLIST_FILE = GoogleTakeoutDecoder.xcodeproj/GoogleTakeoutDecoderTests_Info.plist;
				IPHONEOS_DEPLOYMENT_TARGET = 14.0;
				LD_RUNPATH_SEARCH_PATHS = (
					"$(inherited)",
					"@loader_path/../Frameworks",
					"@loader_path/Frameworks",
				);
				MACOSX_DEPLOYMENT_TARGET = 11.0;
				OTHER_CFLAGS = "$(inherited)";
				OTHER_LDFLAGS = "$(inherited)";
				OTHER_SWIFT_FLAGS = "$(inherited)";
				SWIFT_ACTIVE_COMPILATION_CONDITIONS = "$(inherited)";
				SWIFT_VERSION = 5.0;
				TARGET_NAME = GoogleTakeoutDecoderTests;
				TVOS_DEPLOYMENT_TARGET = 14.0;
				WATCHOS_DEPLOYMENT_TARGET = 7.0;
			};
			name = Debug;
		};
		OBJ_42 /* Release */ = {
			isa = XCBuildConfiguration;
			buildSettings = {
				CLANG_ENABLE_MODULES = YES;
				EMBEDDED_CONTENT_CONTAINS_SWIFT = YES;
				FRAMEWORK_SEARCH_PATHS = (
					"$(inherited)",
					"$(PLATFORM_DIR)/Developer/Library/Frameworks",
				);
				HEADER_SEARCH_PATHS = "$(inherited)";
				INFOPLIST_FILE = GoogleTakeoutDecoder.xcodeproj/GoogleTakeoutDecoderTests_Info.plist;
				IPHONEOS_DEPLOYMENT_TARGET = 14.0;
				LD_RUNPATH_SEARCH_PATHS = (
					"$(inherited)",
					"@loader_path/../Frameworks",
					"@loader_path/Frameworks",
				);
				MACOSX_DEPLOYMENT_TARGET = 11.0;
				OTHER_CFLAGS = "$(inherited)";
				OTHER_LDFLAGS = "$(inherited)";
				OTHER_SWIFT_FLAGS = "$(inherited)";
				SWIFT_ACTIVE_COMPILATION_CONDITIONS = "$(inherited)";
				SWIFT_VERSION = 5.0;
				TARGET_NAME = GoogleTakeoutDecoderTests;
				TVOS_DEPLOYMENT_TARGET = 14.0;
				WATCHOS_DEPLOYMENT_TARGET = 7.0;
			};
			name = Release;
		};
/* End XCBuildConfiguration section */

/* Begin XCConfigurationList section */
		OBJ_2 /* Build configuration list for PBXProject "GoogleTakeoutDecoder" */ = {
			isa = XCConfigurationList;
			buildConfigurations = (
				OBJ_3 /* Debug */,
				OBJ_4 /* Release */,
			);
			defaultConfigurationIsVisible = 0;
			defaultConfigurationName = Release;
		};
		OBJ_21 /* Build configuration list for PBXNativeTarget "GoogleTakeoutDecoder" */ = {
			isa = XCConfigurationList;
			buildConfigurations = (
				OBJ_22 /* Debug */,
				OBJ_23 /* Release */,
			);
			defaultConfigurationIsVisible = 0;
			defaultConfigurationName = Release;
		};
		OBJ_29 /* Build configuration list for PBXNativeTarget "GoogleTakeoutDecoderPackageDescription" */ = {
			isa = XCConfigurationList;
			buildConfigurations = (
				OBJ_30 /* Debug */,
				OBJ_31 /* Release */,
			);
			defaultConfigurationIsVisible = 0;
			defaultConfigurationName = Release;
		};
		OBJ_35 /* Build configuration list for PBXAggregateTarget "GoogleTakeoutDecoderPackageTests" */ = {
			isa = XCConfigurationList;
			buildConfigurations = (
				OBJ_36 /* Debug */,
				OBJ_37 /* Release */,
			);
			defaultConfigurationIsVisible = 0;
			defaultConfigurationName = Release;
		};
		OBJ_40 /* Build configuration list for PBXNativeTarget "GoogleTakeoutDecoderTests" */ = {
			isa = XCConfigurationList;
			buildConfigurations = (
				OBJ_41 /* Debug */,
				OBJ_42 /* Release */,
			);
			defaultConfigurationIsVisible = 0;
			defaultConfigurationName = Release;
		};
/* End XCConfigurationList section */
	};
	rootObject = OBJ_1 /* Project object */;
}
